{
  "name": "les8",
  "version": "1.0.0",
  "lockfileVersion": 1,
  "requires": true,
  "dependencies": {
    "alfixedfib": {
      "version": "1.0.0",
      "resolved": "https://registry.npmjs.org/alfixedfib/-/alfixedfib-1.0.0.tgz",
      "integrity": "sha512-lmT2v/fSPk3op9DDrZnXXSCTj4K9ZP9wjArfHOSfYhSsYWjhHYZlqAKVosowhS5BK/QlHXGMJ19ZSBEasB2xAw=="
    },
    "alfixedfibamd": {
      "version": "1.0.0",
      "resolved": "https://registry.npmjs.org/alfixedfibamd/-/alfixedfibamd-1.0.0.tgz",
      "integrity": "sha512-1xylOu3jRO7ydGqH9S1DijlQPZ2cYd7HkCQMdR0Im7vmnyC4x6ZJHxt4WvAScmv6k2PGhLji9yg8BQ7Ow3rESA=="
    },
    "alfixedfibes6": {
      "version": "1.0.1",
      "resolved": "https://registry.npmjs.org/alfixedfibes6/-/alfixedfibes6-1.0.1.tgz",
      "integrity": "sha512-lQit68F2Wv7CSZPFpanR8XWCrLnyzKjAqUIFBLwzDw/bDza/UoOJfZz8BWXrnxqkK6alzeac+j6NWHelvCPUZw=="
    }
  }
}
